// !$*UTF8*$!
{
	archiveVersion = 1;
	classes = {
	};
	objectVersion = 46;
	objects = {

/* Begin PBXBuildFile section */
		7D08141A1CACF7630014A026 /* CollectionViewCell.m in Sources */ = {isa = PBXBuildFile; fileRef = 7D0814191CACF7630014A026 /* CollectionViewCell.m */; };
		7D788C311CABA430002E94B0 /* main.m in Sources */ = {isa = PBXBuildFile; fileRef = 7D788C301CABA430002E94B0 /* main.m */; };
		7D788C341CABA430002E94B0 /* AppDelegate.m in Sources */ = {isa = PBXBuildFile; fileRef = 7D788C331CABA430002E94B0 /* AppDelegate.m */; };
		7D788C371CABA430002E94B0 /* ViewController.m in Sources */ = {isa = PBXBuildFile; fileRef = 7D788C361CABA430002E94B0 /* ViewController.m */; };
		7D788C3A1CABA430002E94B0 /* Main.storyboard in Resources */ = {isa = PBXBuildFile; fileRef = 7D788C381CABA430002E94B0 /* Main.storyboard */; };
		7D788C3C1CABA430002E94B0 /* Assets.xcassets in Resources */ = {isa = PBXBuildFile; fileRef = 7D788C3B1CABA430002E94B0 /* Assets.xcassets */; };
		7D788C3F1CABA430002E94B0 /* LaunchScreen.storyboard in Resources */ = {isa = PBXBuildFile; fileRef = 7D788C3D1CABA430002E94B0 /* LaunchScreen.storyboard */; };
		7D788C4A1CABA7F1002E94B0 /* SYPhotoBrowser.m in Sources */ = {isa = PBXBuildFile; fileRef = 7D788C491CABA7F1002E94B0 /* SYPhotoBrowser.m */; };
		7D788C4D1CABA841002E94B0 /* SYPhotoViewController.m in Sources */ = {isa = PBXBuildFile; fileRef = 7D788C4C1CABA841002E94B0 /* SYPhotoViewController.m */; };
		7DC653921CED501B00557DDD /* SYPhotoBrowserCaptionLabel.m in Sources */ = {isa = PBXBuildFile; fileRef = 7DC653911CED501B00557DDD /* SYPhotoBrowserCaptionLabel.m */; };
		9BEE1B3A3C559CDC6A4943B4 /* libPods-SYPhotoBrowser.a in Frameworks */ = {isa = PBXBuildFile; fileRef = 9ADC5B6E9D911B05F4325188 /* libPods-SYPhotoBrowser.a */; };
/* End PBXBuildFile section */

/* Begin PBXFileReference section */
		7D0814181CACF7630014A026 /* CollectionViewCell.h */ = {isa = PBXFileReference; fileEncoding = 4; lastKnownFileType = sourcecode.c.h; path = CollectionViewCell.h; sourceTree = "<group>"; };
		7D0814191CACF7630014A026 /* CollectionViewCell.m */ = {isa = PBXFileReference; fileEncoding = 4; lastKnownFileType = sourcecode.c.objc; path = CollectionViewCell.m; sourceTree = "<group>"; };
		7D788C2C1CABA430002E94B0 /* SYPhotoBrowser.app */ = {isa = PBXFileReference; explicitFileType = wrapper.application; includeInIndex = 0; path = SYPhotoBrowser.app; sourceTree = BUILT_PRODUCTS_DIR; };
		7D788C301CABA430002E94B0 /* main.m */ = {isa = PBXFileReference; lastKnownFileType = sourcecode.c.objc; path = main.m; sourceTree = "<group>"; };
		7D788C321CABA430002E94B0 /* AppDelegate.h */ = {isa = PBXFileReference; lastKnownFileType = sourcecode.c.h; path = AppDelegate.h; sourceTree = "<group>"; };
		7D788C331CABA430002E94B0 /* AppDelegate.m */ = {isa = PBXFileReference; lastKnownFileType = sourcecode.c.objc; path = AppDelegate.m; sourceTree = "<group>"; };
		7D788C351CABA430002E94B0 /* ViewController.h */ = {isa = PBXFileReference; lastKnownFileType = sourcecode.c.h; path = ViewController.h; sourceTree = "<group>"; };
		7D788C361CABA430002E94B0 /* ViewController.m */ = {isa = PBXFileReference; lastKnownFileType = sourcecode.c.objc; path = ViewController.m; sourceTree = "<group>"; };
		7D788C391CABA430002E94B0 /* Base */ = {isa = PBXFileReference; lastKnownFileType = file.storyboard; name = Base; path = Base.lproj/Main.storyboard; sourceTree = "<group>"; };
		7D788C3B1CABA430002E94B0 /* Assets.xcassets */ = {isa = PBXFileReference; lastKnownFileType = folder.assetcatalog; path = Assets.xcassets; sourceTree = "<group>"; };
		7D788C3E1CABA430002E94B0 /* Base */ = {isa = PBXFileReference; lastKnownFileType = file.storyboard; name = Base; path = Base.lproj/LaunchScreen.storyboard; sourceTree = "<group>"; };
		7D788C401CABA430002E94B0 /* Info.plist */ = {isa = PBXFileReference; lastKnownFileType = text.plist.xml; path = Info.plist; sourceTree = "<group>"; };
		7D788C481CABA7F1002E94B0 /* SYPhotoBrowser.h */ = {isa = PBXFileReference; fileEncoding = 4; lastKnownFileType = sourcecode.c.h; path = SYPhotoBrowser.h; sourceTree = "<group>"; };
		7D788C491CABA7F1002E94B0 /* SYPhotoBrowser.m */ = {isa = PBXFileReference; fileEncoding = 4; lastKnownFileType = sourcecode.c.objc; path = SYPhotoBrowser.m; sourceTree = "<group>"; };
		7D788C4B1CABA841002E94B0 /* SYPhotoViewController.h */ = {isa = PBXFileReference; fileEncoding = 4; lastKnownFileType = sourcecode.c.h; path = SYPhotoViewController.h; sourceTree = "<group>"; };
		7D788C4C1CABA841002E94B0 /* SYPhotoViewController.m */ = {isa = PBXFileReference; fileEncoding = 4; lastKnownFileType = sourcecode.c.objc; path = SYPhotoViewController.m; sourceTree = "<group>"; };
		7DC653901CED501B00557DDD /* SYPhotoBrowserCaptionLabel.h */ = {isa = PBXFileReference; fileEncoding = 4; lastKnownFileType = sourcecode.c.h; path = SYPhotoBrowserCaptionLabel.h; sourceTree = "<group>"; };
		7DC653911CED501B00557DDD /* SYPhotoBrowserCaptionLabel.m */ = {isa = PBXFileReference; fileEncoding = 4; lastKnownFileType = sourcecode.c.objc; path = SYPhotoBrowserCaptionLabel.m; sourceTree = "<group>"; };
		9ADC5B6E9D911B05F4325188 /* libPods-SYPhotoBrowser.a */ = {isa = PBXFileReference; explicitFileType = archive.ar; includeInIndex = 0; path = "libPods-SYPhotoBrowser.a"; sourceTree = BUILT_PRODUCTS_DIR; };
		BC58E823C233F83EA48571E5 /* Pods-SYPhotoBrowser.debug.xcconfig */ = {isa = PBXFileReference; includeInIndex = 1; lastKnownFileType = text.xcconfig; name = "Pods-SYPhotoBrowser.debug.xcconfig"; path = "Pods/Target Support Files/Pods-SYPhotoBrowser/Pods-SYPhotoBrowser.debug.xcconfig"; sourceTree = "<group>"; };
		D4ACBECC8092EFF8ED52D88E /* Pods-SYPhotoBrowser.release.xcconfig */ = {isa = PBXFileReference; includeInIndex = 1; lastKnownFileType = text.xcconfig; name = "Pods-SYPhotoBrowser.release.xcconfig"; path = "Pods/Target Support Files/Pods-SYPhotoBrowser/Pods-SYPhotoBrowser.release.xcconfig"; sourceTree = "<group>"; };
/* End PBXFileReference section */

/* Begin PBXFrameworksBuildPhase section */
		7D788C291CABA430002E94B0 /* Frameworks */ = {
			isa = PBXFrameworksBuildPhase;
			buildActionMask = 2147483647;
			files = (
				9BEE1B3A3C559CDC6A4943B4 /* libPods-SYPhotoBrowser.a in Frameworks */,
			);
			runOnlyForDeploymentPostprocessing = 0;
		};
/* End PBXFrameworksBuildPhase section */

/* Begin PBXGroup section */
		54396B588B37678EF21E55D5 /* Frameworks */ = {
			isa = PBXGroup;
			children = (
				9ADC5B6E9D911B05F4325188 /* libPods-SYPhotoBrowser.a */,
			);
			name = Frameworks;
			sourceTree = "<group>";
		};
		7D788C231CABA430002E94B0 = {
			isa = PBXGroup;
			children = (
				7D788C2E1CABA430002E94B0 /* SYPhotoBrowser */,
				7D788C2D1CABA430002E94B0 /* Products */,
				D0339DF8A9D7D418A17593DB /* Pods */,
				54396B588B37678EF21E55D5 /* Frameworks */,
			);
			sourceTree = "<group>";
		};
		7D788C2D1CABA430002E94B0 /* Products */ = {
			isa = PBXGroup;
			children = (
				7D788C2C1CABA430002E94B0 /* SYPhotoBrowser.app */,
			);
			name = Products;
			sourceTree = "<group>";
		};
		7D788C2E1CABA430002E94B0 /* SYPhotoBrowser */ = {
			isa = PBXGroup;
			children = (
				7D788C471CABA7E5002E94B0 /* SYPhotoBrowser */,
				7D788C321CABA430002E94B0 /* AppDelegate.h */,
				7D788C331CABA430002E94B0 /* AppDelegate.m */,
				7D788C351CABA430002E94B0 /* ViewController.h */,
				7D788C361CABA430002E94B0 /* ViewController.m */,
				7D0814181CACF7630014A026 /* CollectionViewCell.h */,
				7D0814191CACF7630014A026 /* CollectionViewCell.m */,
				7D788C381CABA430002E94B0 /* Main.storyboard */,
				7D788C3B1CABA430002E94B0 /* Assets.xcassets */,
				7D788C3D1CABA430002E94B0 /* LaunchScreen.storyboard */,
				7D788C2F1CABA430002E94B0 /* Supporting Files */,
			);
			path = SYPhotoBrowser;
			sourceTree = "<group>";
		};
		7D788C2F1CABA430002E94B0 /* Supporting Files */ = {
			isa = PBXGroup;
			children = (
				7D788C401CABA430002E94B0 /* Info.plist */,
				7D788C301CABA430002E94B0 /* main.m */,
			);
			name = "Supporting Files";
			sourceTree = "<group>";
		};
		7D788C471CABA7E5002E94B0 /* SYPhotoBrowser */ = {
			isa = PBXGroup;
			children = (
				7D788C481CABA7F1002E94B0 /* SYPhotoBrowser.h */,
				7D788C491CABA7F1002E94B0 /* SYPhotoBrowser.m */,
				7D788C4B1CABA841002E94B0 /* SYPhotoViewController.h */,
				7D788C4C1CABA841002E94B0 /* SYPhotoViewController.m */,
				7DC653901CED501B00557DDD /* SYPhotoBrowserCaptionLabel.h */,
				7DC653911CED501B00557DDD /* SYPhotoBrowserCaptionLabel.m */,
			);
			path = SYPhotoBrowser;
			sourceTree = "<group>";
		};
		D0339DF8A9D7D418A17593DB /* Pods */ = {
			isa = PBXGroup;
			children = (
				BC58E823C233F83EA48571E5 /* Pods-SYPhotoBrowser.debug.xcconfig */,
				D4ACBECC8092EFF8ED52D88E /* Pods-SYPhotoBrowser.release.xcconfig */,
			);
			name = Pods;
			sourceTree = "<group>";
		};
/* End PBXGroup section */

/* Begin PBXNativeTarget section */
		7D788C2B1CABA430002E94B0 /* SYPhotoBrowser */ = {
			isa = PBXNativeTarget;
			buildConfigurationList = 7D788C431CABA430002E94B0 /* Build configuration list for PBXNativeTarget "SYPhotoBrowser" */;
			buildPhases = (
				8983BE1C02F6C2A5CDF9065B /* [CP] Check Pods Manifest.lock */,
				7D788C281CABA430002E94B0 /* Sources */,
				7D788C291CABA430002E94B0 /* Frameworks */,
				7D788C2A1CABA430002E94B0 /* Resources */,
				03775DCB2DB1995CA7F9156B /* [CP] Embed Pods Frameworks */,
				154EEDDCF6A569EA0416B5F8 /* [CP] Copy Pods Resources */,
			);
			buildRules = (
			);
			dependencies = (
			);
			name = SYPhotoBrowser;
			productName = SYPhotoBrowser;
			productReference = 7D788C2C1CABA430002E94B0 /* SYPhotoBrowser.app */;
			productType = "com.apple.product-type.application";
		};
/* End PBXNativeTarget section */

/* Begin PBXProject section */
		7D788C241CABA430002E94B0 /* Project object */ = {
			isa = PBXProject;
			attributes = {
				LastUpgradeCheck = 0810;
				ORGANIZATIONNAME = Sunnyyoung;
				TargetAttributes = {
					7D788C2B1CABA430002E94B0 = {
						CreatedOnToolsVersion = 7.3;
						DevelopmentTeam = V87H9P7AB7;
					};
				};
			};
			buildConfigurationList = 7D788C271CABA430002E94B0 /* Build configuration list for PBXProject "SYPhotoBrowser" */;
			compatibilityVersion = "Xcode 3.2";
			developmentRegion = English;
			hasScannedForEncodings = 0;
			knownRegions = (
				en,
				Base,
			);
			mainGroup = 7D788C231CABA430002E94B0;
			productRefGroup = 7D788C2D1CABA430002E94B0 /* Products */;
			projectDirPath = "";
			projectRoot = "";
			targets = (
				7D788C2B1CABA430002E94B0 /* SYPhotoBrowser */,
			);
		};
/* End PBXProject section */

/* Begin PBXResourcesBuildPhase section */
		7D788C2A1CABA430002E94B0 /* Resources */ = {
			isa = PBXResourcesBuildPhase;
			buildActionMask = 2147483647;
			files = (
				7D788C3F1CABA430002E94B0 /* LaunchScreen.storyboard in Resources */,
				7D788C3C1CABA430002E94B0 /* Assets.xcassets in Resources */,
				7D788C3A1CABA430002E94B0 /* Main.storyboard in Resources */,
			);
			runOnlyForDeploymentPostprocessing = 0;
		};
/* End PBXResourcesBuildPhase section */

/* Begin PBXShellScriptBuildPhase section */
		03775DCB2DB1995CA7F9156B /* [CP] Embed Pods Frameworks */ = {
			isa = PBXShellScriptBuildPhase;
			buildActionMask = 2147483647;
			files = (
			);
			inputPaths = (
			);
			name = "[CP] Embed Pods Frameworks";
			outputPaths = (
			);
			runOnlyForDeploymentPostprocessing = 0;
			shellPath = /bin/sh;
			shellScript = "\"${SRCROOT}/Pods/Target Support Files/Pods-SYPhotoBrowser/Pods-SYPhotoBrowser-frameworks.sh\"\n";
			showEnvVarsInLog = 0;
		};
		154EEDDCF6A569EA0416B5F8 /* [CP] Copy Pods Resources */ = {
			isa = PBXShellScriptBuildPhase;
			buildActionMask = 2147483647;
			files = (
			);
			inputPaths = (
			);
			name = "[CP] Copy Pods Resources";
			outputPaths = (
			);
			runOnlyForDeploymentPostprocessing = 0;
			shellPath = /bin/sh;
			shellScript = "\"${SRCROOT}/Pods/Target Support Files/Pods-SYPhotoBrowser/Pods-SYPhotoBrowser-resources.sh\"\n";
			showEnvVarsInLog = 0;
		};
		8983BE1C02F6C2A5CDF9065B /* [CP] Check Pods Manifest.lock */ = {
			isa = PBXShellScriptBuildPhase;
			buildActionMask = 2147483647;
			files = (
			);
			inputPaths = (
			);
			name = "[CP] Check Pods Manifest.lock";
			outputPaths = (
			);
			runOnlyForDeploymentPostprocessing = 0;
			shellPath = /bin/sh;
			shellScript = "diff \"${PODS_ROOT}/../Podfile.lock\" \"${PODS_ROOT}/Manifest.lock\" > /dev/null\nif [[ $? != 0 ]] ; then\n    cat << EOM\nerror: The sandbox is not in sync with the Podfile.lock. Run 'pod install' or update your CocoaPods installation.\nEOM\n    exit 1\nfi\n";
			showEnvVarsInLog = 0;
		};
/* End PBXShellScriptBuildPhase section */

/* Begin PBXSourcesBuildPhase section */
		7D788C281CABA430002E94B0 /* Sources */ = {
			isa = PBXSourcesBuildPhase;
			buildActionMask = 2147483647;
			files = (
				7D08141A1CACF7630014A026 /* CollectionViewCell.m in Sources */,
				7D788C371CABA430002E94B0 /* ViewController.m in Sources */,
				7D788C4D1CABA841002E94B0 /* SYPhotoViewController.m in Sources */,
				7D788C4A1CABA7F1002E94B0 /* SYPhotoBrowser.m in Sources */,
				7DC653921CED501B00557DDD /* SYPhotoBrowserCaptionLabel.m in Sources */,
				7D788C341CABA430002E94B0 /* AppDelegate.m in Sources */,
				7D788C311CABA430002E94B0 /* main.m in Sources */,
			);
			runOnlyForDeploymentPostprocessing = 0;
		};
/* End PBXSourcesBuildPhase section */

/* Begin PBXVariantGroup section */
		7D788C381CABA430002E94B0 /* Main.storyboard */ = {
			isa = PBXVariantGroup;
			children = (
				7D788C391CABA430002E94B0 /* Base */,
			);
			name = Main.storyboard;
			sourceTree = "<group>";
		};
		7D788C3D1CABA430002E94B0 /* LaunchScreen.storyboard */ = {
			isa = PBXVariantGroup;
			children = (
				7D788C3E1CABA430002E94B0 /* Base */,
			);
			name = LaunchScreen.storyboard;
			sourceTree = "<group>";
		};
/* End PBXVariantGroup section */

/* Begin XCBuildConfiguration section */
		7D788C411CABA430002E94B0 /* Debug */ = {
			isa = XCBuildConfiguration;
			buildSettings = {
				ALWAYS_SEARCH_USER_PATHS = NO;
				CLANG_ANALYZER_NONNULL = YES;
				CLANG_CXX_LANGUAGE_STANDARD = "gnu++0x";
				CLANG_CXX_LIBRARY = "libc++";
				CLANG_ENABLE_MODULES = YES;
				CLANG_ENABLE_OBJC_ARC = YES;
				CLANG_WARN_BOOL_CONVERSION = YES;
				CLANG_WARN_CONSTANT_CONVERSION = YES;
				CLANG_WARN_DIRECT_OBJC_ISA_USAGE = YES_ERROR;
				CLANG_WARN_EMPTY_BODY = YES;
				CLANG_WARN_ENUM_CONVERSION = YES;
				CLANG_WARN_INFINITE_RECURSION = YES;
				CLANG_WARN_INT_CONVERSION = YES;
				CLANG_WARN_OBJC_ROOT_CLASS = YES_ERROR;
				CLANG_WARN_SUSPICIOUS_MOVE = YES;
				CLANG_WARN_UNREACHABLE_CODE = YES;
				CLANG_WARN__DUPLICATE_METHOD_MATCH = YES;
				"CODE_SIGN_IDENTITY[sdk=iphoneos*]" = "iPhone Developer";
				COPY_PHASE_STRIP = NO;
				DEBUG_INFORMATION_FORMAT = dwarf;
				ENABLE_STRICT_OBJC_MSGSEND = YES;
				ENABLE_TESTABILITY = YES;
				GCC_C_LANGUAGE_STANDARD = gnu99;
				GCC_DYNAMIC_NO_PIC = NO;
				GCC_NO_COMMON_BLOCKS = YES;
				GCC_OPTIMIZATION_LEVEL = 0;
				GCC_PREPROCESSOR_DEFINITIONS = (
					"DEBUG=1",
					"$(inherited)",
				);
				GCC_WARN_64_TO_32_BIT_CONVERSION = YES;
				GCC_WARN_ABOUT_RETURN_TYPE = YES_ERROR;
				GCC_WARN_UNDECLARED_SELECTOR = YES;
				GCC_WARN_UNINITIALIZED_AUTOS = YES_AGGRESSIVE;
				GCC_WARN_UNUSED_FUNCTION = YES;
				GCC_WARN_UNUSED_VARIABLE = YES;
				IPHONEOS_DEPLOYMENT_TARGET = 10.1;
				MTL_ENABLE_DEBUG_INFO = YES;
				ONLY_ACTIVE_ARCH = YES;
				SDKROOT = iphoneos;
				TARGETED_DEVICE_FAMILY = "1,2";
			};
			name = Debug;
		};
		7D788C421CABA430002E94B0 /* Release */ = {
			isa = XCBuildConfiguration;
			buildSettings = {
				ALWAYS_SEARCH_USER_PATHS = NO;
				CLANG_ANALYZER_NONNULL = YES;
				CLANG_CXX_LANGUAGE_STANDARD = "gnu++0x";
				CLANG_CXX_LIBRARY = "libc++";
				CLANG_ENABLE_MODULES = YES;
				CLANG_ENABLE_OBJC_ARC = YES;
				CLANG_WARN_BOOL_CONVERSION = YES;
				CLANG_WARN_CONSTANT_CONVERSION = YES;
				CLANG_WARN_DIRECT_OBJC_ISA_USAGE = YES_ERROR;
				CLANG_WARN_EMPTY_BODY = YES;
				CLANG_WARN_ENUM_CONVERSION = YES;
				CLANG_WARN_INFINITE_RECURSION = YES;
				CLANG_WARN_INT_CONVERSION = YES;
				CLANG_WARN_OBJC_ROOT_CLASS = YES_ERROR;
				CLANG_WARN_SUSPICIOUS_MOVE = YES;
				CLANG_WARN_UNREACHABLE_CODE = YES;
				CLANG_WARN__DUPLICATE_METHOD_MATCH = YES;
				"CODE_SIGN_IDENTITY[sdk=iphoneos*]" = "iPhone Developer";
				COPY_PHASE_STRIP = NO;
				DEBUG_INFORMATION_FORMAT = "dwarf-with-dsym";
				ENABLE_NS_ASSERTIONS = NO;
				ENABLE_STRICT_OBJC_MSGSEND = YES;
				GCC_C_LANGUAGE_STANDARD = gnu99;
				GCC_NO_COMMON_BLOCKS = YES;
				GCC_WARN_64_TO_32_BIT_CONVERSION = YES;
				GCC_WARN_ABOUT_RETURN_TYPE = YES_ERROR;
				GCC_WARN_UNDECLARED_SELECTOR = YES;
				GCC_WARN_UNINITIALIZED_AUTOS = YES_AGGRESSIVE;
				GCC_WARN_UNUSED_FUNCTION = YES;
				GCC_WARN_UNUSED_VARIABLE = YES;
				IPHONEOS_DEPLOYMENT_TARGET = 10.1;
				MTL_ENABLE_DEBUG_INFO = NO;
				SDKROOT = iphoneos;
				TARGETED_DEVICE_FAMILY = "1,2";
				VALIDATE_PRODUCT = YES;
			};
			name = Release;
		};
		7D788C441CABA430002E94B0 /* Debug */ = {
			isa = XCBuildConfiguration;
			baseConfigurationReference = BC58E823C233F83EA48571E5 /* Pods-SYPhotoBrowser.debug.xcconfig */;
			buildSettings = {
				ASSETCATALOG_COMPILER_APPICON_NAME = AppIcon;
				ASSETCATALOG_COMPILER_LAUNCHIMAGE_NAME = "Brand Assets";
				DEVELOPMENT_TEAM = V87H9P7AB7;
				INFOPLIST_FILE = SYPhotoBrowser/Info.plist;
				IPHONEOS_DEPLOYMENT_TARGET = 8.0;
				LD_RUNPATH_SEARCH_PATHS = "$(inherited) @executable_path/Frameworks";
				PRODUCT_BUNDLE_IDENTIFIER = net.sunnyyoung.SYPhotoBrowser;
				PRODUCT_NAME = "$(TARGET_NAME)";
			};
			name = Debug;
		};
		7D788C451CABA430002E94B0 /* Release */ = {
			isa = XCBuildConfiguration;
			baseConfigurationReference = D4ACBECC8092EFF8ED52D88E /* Pods-SYPhotoBrowser.release.xcconfig */;
			buildSettings = {
				ASSETCATALOG_COMPILER_APPICON_NAME = AppIcon;
				ASSETCATALOG_COMPILER_LAUNCHIMAGE_NAME = "Brand Assets";
				DEVELOPMENT_TEAM = V87H9P7AB7;
				INFOPLIST_FILE = SYPhotoBrowser/Info.plist;
				IPHONEOS_DEPLOYMENT_TARGET = 8.0;
				LD_RUNPATH_SEARCH_PATHS = "$(inherited) @executable_path/Frameworks";
				PRODUCT_BUNDLE_IDENTIFIER = net.sunnyyoung.SYPhotoBrowser;
				PRODUCT_NAME = "$(TARGET_NAME)";
			};
			name = Release;
		};
/* End XCBuildConfiguration section */

/* Begin XCConfigurationList section */
		7D788C271CABA430002E94B0 /* Build configuration list for PBXProject "SYPhotoBrowser" */ = {
			isa = XCConfigurationList;
			buildConfigurations = (
				7D788C411CABA430002E94B0 /* Debug */,
				7D788C421CABA430002E94B0 /* Release */,
			);
			defaultConfigurationIsVisible = 0;
			defaultConfigurationName = Release;
		};
		7D788C431CABA430002E94B0 /* Build configuration list for PBXNativeTarget "SYPhotoBrowser" */ = {
			isa = XCConfigurationList;
			buildConfigurations = (
				7D788C441CABA430002E94B0 /* Debug */,
				7D788C451CABA430002E94B0 /* Release */,
			);
			defaultConfigurationIsVisible = 0;
			defaultConfigurationName = Release;
		};
/* End XCConfigurationList section */
	};
	rootObject = 7D788C241CABA430002E94B0 /* Project object */;
}
